{
    "_readme": [
        "This file locks the dependencies of your project to a known state",
        "Read more about it at https://getcomposer.org/doc/01-basic-usage.md#installing-dependencies",
        "This file is @generated automatically"
    ],
    "content-hash": "7294ac7872955354478cfb7aaa2d1c9b",
    "packages": [
        {
            "name": "localzet/psr",
            "version": "v1.1.0",
            "source": {
                "type": "git",
                "url": "https://github.com/localzet/PSR.git",
                "reference": "104c2a987c09785c1ce3bf7addfc34274c025519"
            },
            "dist": {
                "type": "zip",
                "url": "https://api.github.com/repos/localzet/PSR/zipball/104c2a987c09785c1ce3bf7addfc34274c025519",
                "reference": "104c2a987c09785c1ce3bf7addfc34274c025519",
                "shasum": ""
            },
            "require": {
                "php": "^8.2"
            },
            "type": "library",
            "autoload": {
                "psr-4": {
                    "localzet\\PSR\\": "src"
                }
            },
            "notification-url": "https://packagist.org/downloads/",
            "license": [
                "AGPL-3.0-or-later"
            ],
            "authors": [
                {
                    "name": "Ivan Zorin",
                    "email": "creator@localzet.com",
                    "homepage": "https://github.com/localzet",
                    "role": "Developer"
                }
            ],
            "description": "Localzet PSR Component for projects",
            "keywords": [
                "localzet",
                "psr"
            ],
            "support": {
                "email": "support@localzet.com",
                "issues": "https://github.com/localzet/PSR/issues",
                "source": "https://github.com/localzet/PSR"
            },
            "time": "2023-08-16T20:55:44+00:00"
        },
        {
            "name": "localzet/psr7",
            "version": "v3.0.0",
            "source": {
                "type": "git",
                "url": "https://github.com/localzet/PSR-7.git",
                "reference": "d1ad2ea396102b08560e05f12d1c984af45c2d13"
            },
            "dist": {
                "type": "zip",
                "url": "https://api.github.com/repos/localzet/PSR-7/zipball/d1ad2ea396102b08560e05f12d1c984af45c2d13",
                "reference": "d1ad2ea396102b08560e05f12d1c984af45c2d13",
                "shasum": ""
            },
            "require": {
                "localzet/psr": "^1.0",
                "localzet/server": ">=4.0",
                "php": "^8.2"
            },
            "type": "library",
            "extra": {
                "branch-alias": {
                    "dev-master": "1.5-dev"
                }
            },
            "autoload": {
                "files": [
                    "src/functions_include.php"
                ],
                "psr-4": {
                    "localzet\\PSR7\\": "src/"
                }
            },
            "notification-url": "https://packagist.org/downloads/",
            "license": [
                "GPL-3.0-only"
            ],
            "authors": [
                {
                    "name": "localzet",
                    "email": "creator@localzet.ru",
                    "homepage": "https://www.localzet.ru",
                    "role": "Developer"
                }
            ],
            "description": "HTTP message interfaces",
            "keywords": [
                "localzet"
            ],
            "support": {
                "docs": "https://localzet.gitbook.io",
                "email": "support@localzet.ru",
                "source": "https://github.com/localzet/PSR-7/tree/v3.0.0"
            },
            "funding": [
                {
                    "url": "https://www.tinkoff.ru/cf/Ad5MBNhodod",
                    "type": "other"
                }
            ],
            "time": "2023-08-16T21:30:58+00:00"
        },
        {
            "name": "localzet/server",
            "version": "v4.1.6",
            "source": {
                "type": "git",
                "url": "https://github.com/localzet/Server.git",
                "reference": "9b5d7a7afadb83fb7268b6a76045d6f0ffd8db25"
            },
            "dist": {
                "type": "zip",
                "url": "https://api.github.com/repos/localzet/Server/zipball/9b5d7a7afadb83fb7268b6a76045d6f0ffd8db25",
                "reference": "9b5d7a7afadb83fb7268b6a76045d6f0ffd8db25",
                "shasum": ""
            },
            "require": {
                "ext-json": "*",
                "ext-pcntl": "*",
                "ext-posix": "*",
                "ext-sockets": "*",
                "localzet/psr": ">=1.0",
                "php": ">=8.2"
            },
            "suggest": {
                "ext-ev": "For better performance",
                "ext-event": "For better performance",
                "ext-redis": "For Redis Session Handler",
                "ext-uv": "For better performance",
                "mongodb/mongodb": "For Mongo Session Handler"
            },
            "type": "library",
            "autoload": {
                "psr-4": {
                    "localzet\\": "src"
                }
            },
            "notification-url": "https://packagist.org/downloads/",
            "license": [
                "AGPL-3.0-or-later"
            ],
            "authors": [
                {
                    "name": "Ivan Zorin",
                    "email": "creator@localzet.com",
                    "homepage": "https://www.localzet.com",
                    "role": "Developer"
                }
            ],
            "description": "Localzet Server - Асинхронный event-based сервер на PHP.",
            "homepage": "https://www.localzet.com/webcore",
            "keywords": [
                "localzet"
            ],
            "support": {
                "email": "support@localzet.com",
                "issues": "https://github.com/localzet/server/issues",
                "source": "https://github.com/localzet/server"
            },
            "time": "2024-01-12T01:13:26+00:00"
        },
        {
            "name": "psr/http-message",
            "version": "2.0",
            "source": {
                "type": "git",
                "url": "https://github.com/php-fig/http-message.git",
                "reference": "402d35bcb92c70c026d1a6a9883f06b2ead23d71"
            },
            "dist": {
                "type": "zip",
                "url": "https://api.github.com/repos/php-fig/http-message/zipball/402d35bcb92c70c026d1a6a9883f06b2ead23d71",
                "reference": "402d35bcb92c70c026d1a6a9883f06b2ead23d71",
                "shasum": ""
            },
            "require": {
                "php": "^7.2 || ^8.0"
            },
            "type": "library",
            "extra": {
                "branch-alias": {
                    "dev-master": "2.0.x-dev"
                }
            },
            "autoload": {
                "psr-4": {
                    "Psr\\Http\\Message\\": "src/"
                }
            },
            "notification-url": "https://packagist.org/downloads/",
            "license": [
                "MIT"
            ],
            "authors": [
                {
                    "name": "PHP-FIG",
                    "homepage": "https://www.php-fig.org/"
                }
            ],
            "description": "Common interface for HTTP messages",
            "homepage": "https://github.com/php-fig/http-message",
            "keywords": [
                "http",
                "http-message",
                "psr",
                "psr-7",
                "request",
                "response"
            ],
            "support": {
                "source": "https://github.com/php-fig/http-message/tree/2.0"
            },
            "time": "2023-04-04T09:54:51+00:00"
        }
    ],
    "packages-dev": [],
    "aliases": [],
    "minimum-stability": "stable",
    "stability-flags": [],
    "prefer-stable": false,
    "prefer-lowest": false,
    "platform": {
        "php": "^8.2",
        "ext-curl": "*",
        "ext-json": "*"
    },
    "platform-dev": [],
    "plugin-api-version": "2.2.0"
}
